<?xml version="1.0" encoding="utf-8"?>
<Project ToolsVersion="4.0" xmlns="http://schemas.microsoft.com/developer/msbuild/2003">
  <ItemGroup>
    <Filter Include="Source Files">
      <UniqueIdentifier>{4FC737F1-C7A5-4376-A066-2A32D752A2FF}</UniqueIdentifier>
      <Extensions>cpp;c;cc;cxx;c++;cppm;ixx;def;odl;idl;hpj;bat;asm;asmx</Extensions>
    </Filter>
    <Filter Include="Header Files">
      <UniqueIdentifier>{93995380-89BD-4b04-88EB-625FBE52EBFB}</UniqueIdentifier>
      <Extensions>h;hh;hpp;hxx;h++;hm;inl;inc;ipp;xsd</Extensions>
    </Filter>
    <Filter Include="Resource Files">
      <UniqueIdentifier>{67DA6AB6-F800-4c08-8B7A-83BB121AAD01}</UniqueIdentifier>
      <Extensions>rc;ico;cur;bmp;dlg;rc2;rct;bin;rgs;gif;jpg;jpeg;jpe;resx;tiff;tif;png;wav;mfcribbon-ms</Extensions>
    </Filter>
    <Filter Include="Header Files\Component">
      <UniqueIdentifier>{e57bbfad-d5da-4082-91f0-14934df87fc0}</UniqueIdentifier>
    </Filter>
    <Filter Include="Header Files\Entity">
      <UniqueIdentifier>{950239f6-a5f2-4493-b7f1-7727b5cbc57f}</UniqueIdentifier>
    </Filter>
    <Filter Include="Header Files\Systems">
      <UniqueIdentifier>{0a084e28-59b7-4bc1-82f8-21939e7dd72d}</UniqueIdentifier>
    </Filter>
    <Filter Include="Header Files\MessageBus">
      <UniqueIdentifier>{926336b8-6152-40c9-ab41-91ac2cbd3674}</UniqueIdentifier>
    </Filter>
    <Filter Include="Source Files\MessageBus">
      <UniqueIdentifier>{ef10c095-f994-4826-98eb-24e803af77c1}</UniqueIdentifier>
    </Filter>
    <Filter Include="Header Files\Services">
      <UniqueIdentifier>{b443a5aa-c8a2-4d3f-97a7-76177ffc1f7d}</UniqueIdentifier>
    </Filter>
    <Filter Include="Source Files\Services">
      <UniqueIdentifier>{fba34385-c1d1-4227-a468-97bc31651114}</UniqueIdentifier>
    </Filter>
    <Filter Include="Source Files\Systems">
      <UniqueIdentifier>{dfe95ae7-24a7-4dab-ab05-e312e6f6c521}</UniqueIdentifier>
    </Filter>
  </ItemGroup>
  <ItemGroup>
    <ClCompile Include="main.cpp">
      <Filter>Source Files</Filter>
    </ClCompile>
    <ClCompile Include="Engine.cpp">
      <Filter>Source Files</Filter>
    </ClCompile>
    <ClCompile Include="Entity.cpp">
      <Filter>Source Files</Filter>
    </ClCompile>
    <ClCompile Include="Message.cpp">
      <Filter>Source Files\MessageBus</Filter>
    </ClCompile>
    <ClCompile Include="MessageBus.cpp">
      <Filter>Source Files\MessageBus</Filter>
    </ClCompile>
    <ClCompile Include="BusNode.cpp">
      <Filter>Source Files\MessageBus</Filter>
    </ClCompile>
    <ClCompile Include="Graphics.cpp">
      <Filter>Source Files\Services</Filter>
    </ClCompile>
    <ClCompile Include="EntitySystem.cpp">
      <Filter>Source Files\Systems</Filter>
    </ClCompile>
  </ItemGroup>
  <ItemGroup>
    <ClInclude Include="Engine.hpp">
      <Filter>Header Files</Filter>
    </ClInclude>
    <ClInclude Include="Position.hpp">
      <Filter>Header Files\Component</Filter>
    </ClInclude>
    <ClInclude Include="Renderable.hpp">
      <Filter>Header Files\Component</Filter>
    </ClInclude>
    <ClInclude Include="Entity.hpp">
      <Filter>Header Files\Entity</Filter>
    </ClInclude>
    <ClInclude Include="EntitySystem.hpp">
      <Filter>Header Files\Systems</Filter>
    </ClInclude>
    <ClInclude Include="System.hpp">
      <Filter>Header Files\Systems</Filter>
    </ClInclude>
    <ClInclude Include="ServiceLocator.hpp">
      <Filter>Header Files</Filter>
    </ClInclude>
    <ClInclude Include="Message.hpp">
      <Filter>Header Files\MessageBus</Filter>
    </ClInclude>
    <ClInclude Include="MessageBus.hpp">
      <Filter>Header Files\MessageBus</Filter>
    </ClInclude>
    <ClInclude Include="BusNode.hpp">
      <Filter>Header Files\MessageBus</Filter>
    </ClInclude>
    <ClInclude Include="Graphics.hpp">
      <Filter>Header Files\Services</Filter>
    </ClInclude>
  </ItemGroup>
</Project>